
Microsoft Visual Studio Solution File, Format Version 12.00
# Visual Studio Version 17
VisualStudioVersion = 17.7.34202.233
MinimumVisualStudioVersion = 10.0.40219.1
Project("{9A19103F-16F7-4668-BE54-9A1E7A4F7556}") = "CIPLV2.Worker", "CIPLV2.Worker\CIPLV2.Worker.csproj", "{315A0DA0-E1A8-431B-AB92-A12D9B1EC0B6}"
EndProject
Project("{9A19103F-16F7-4668-BE54-9A1E7A4F7556}") = "CIPLV2.DAL", "CIPLV2.DAL\CIPLV2.DAL.csproj", "{3FEE94F7-A9E7-40DA-B200-AB0D692C1F2E}"
EndProject
Project("{9A19103F-16F7-4668-BE54-9A1E7A4F7556}") = "CIPLV2.API", "CIPLV2.API\CIPLV2.API.csproj", "{C701C3A4-B2F7-461C-9FAE-1CE256F2E67B}"
EndProject
Project("{9A19103F-16F7-4668-BE54-9A1E7A4F7556}") = "CIPLV2.Models", "CIPLV2.Models\CIPLV2.Models.csproj", "{4BA83BC3-E420-48F8-A5CE-2903EDBB3FE1}"
EndProject
Project("{9A19103F-16F7-4668-BE54-9A1E7A4F7556}") = "CIPLV2.Frontdesk", "CIPLV2.Frontdesk\CIPLV2.Frontdesk.csproj", "{431D32E2-9B27-49FE-B4CA-58383C5179A1}"
EndProject
Project("{9A19103F-16F7-4668-BE54-9A1E7A4F7556}") = "Radzen.Blazor", "Radzen.Blazor\Radzen.Blazor.csproj", "{B7756AC7-2860-4200-A0F0-17355F4326B4}"
EndProject
Project("{54435603-DBB4-11D2-8724-00A0C9A8B90C}") = "CIPLV2.Installer", "CIPLV2.Installer\CIPLV2.Installer.vdproj", "{AD13FA4B-240B-4528-A4FE-238D376AD2BD}"
EndProject
Project("{FAE04EC0-301F-11D3-BF4B-00C04F79EFBC}") = "CIPLV2.Service", "CIPLV2.Service\CIPLV2.Service.csproj", "{5A7384F7-2021-45A7-B2A5-E8867719CB00}"
EndProject
Global
	GlobalSection(SolutionConfigurationPlatforms) = preSolution
		Debug|Any CPU = Debug|Any CPU
		Debug|ARM64 = Debug|ARM64
		Debug|x64 = Debug|x64
		Debug|x86 = Debug|x86
		Release|Any CPU = Release|Any CPU
		Release|ARM64 = Release|ARM64
		Release|x64 = Release|x64
		Release|x86 = Release|x86
	EndGlobalSection
	GlobalSection(ProjectConfigurationPlatforms) = postSolution
		{315A0DA0-E1A8-431B-AB92-A12D9B1EC0B6}.Debug|Any CPU.ActiveCfg = Debug|Any CPU
		{315A0DA0-E1A8-431B-AB92-A12D9B1EC0B6}.Debug|Any CPU.Build.0 = Debug|Any CPU
		{315A0DA0-E1A8-431B-AB92-A12D9B1EC0B6}.Debug|ARM64.ActiveCfg = Debug|Any CPU
		{315A0DA0-E1A8-431B-AB92-A12D9B1EC0B6}.Debug|ARM64.Build.0 = Debug|Any CPU
		{315A0DA0-E1A8-431B-AB92-A12D9B1EC0B6}.Debug|x64.ActiveCfg = Debug|Any CPU
		{315A0DA0-E1A8-431B-AB92-A12D9B1EC0B6}.Debug|x64.Build.0 = Debug|Any CPU
		{315A0DA0-E1A8-431B-AB92-A12D9B1EC0B6}.Debug|x86.ActiveCfg = Debug|Any CPU
		{315A0DA0-E1A8-431B-AB92-A12D9B1EC0B6}.Debug|x86.Build.0 = Debug|Any CPU
		{315A0DA0-E1A8-431B-AB92-A12D9B1EC0B6}.Release|Any CPU.ActiveCfg = Release|Any CPU
		{315A0DA0-E1A8-431B-AB92-A12D9B1EC0B6}.Release|Any CPU.Build.0 = Release|Any CPU
		{315A0DA0-E1A8-431B-AB92-A12D9B1EC0B6}.Release|ARM64.ActiveCfg = Release|Any CPU
		{315A0DA0-E1A8-431B-AB92-A12D9B1EC0B6}.Release|ARM64.Build.0 = Release|Any CPU
		{315A0DA0-E1A8-431B-AB92-A12D9B1EC0B6}.Release|x64.ActiveCfg = Release|Any CPU
		{315A0DA0-E1A8-431B-AB92-A12D9B1EC0B6}.Release|x64.Build.0 = Release|Any CPU
		{315A0DA0-E1A8-431B-AB92-A12D9B1EC0B6}.Release|x86.ActiveCfg = Release|Any CPU
		{315A0DA0-E1A8-431B-AB92-A12D9B1EC0B6}.Release|x86.Build.0 = Release|Any CPU
		{3FEE94F7-A9E7-40DA-B200-AB0D692C1F2E}.Debug|Any CPU.ActiveCfg = Debug|Any CPU
		{3FEE94F7-A9E7-40DA-B200-AB0D692C1F2E}.Debug|Any CPU.Build.0 = Debug|Any CPU
		{3FEE94F7-A9E7-40DA-B200-AB0D692C1F2E}.Debug|ARM64.ActiveCfg = Debug|Any CPU
		{3FEE94F7-A9E7-40DA-B200-AB0D692C1F2E}.Debug|ARM64.Build.0 = Debug|Any CPU
		{3FEE94F7-A9E7-40DA-B200-AB0D692C1F2E}.Debug|x64.ActiveCfg = Debug|Any CPU
		{3FEE94F7-A9E7-40DA-B200-AB0D692C1F2E}.Debug|x64.Build.0 = Debug|Any CPU
		{3FEE94F7-A9E7-40DA-B200-AB0D692C1F2E}.Debug|x86.ActiveCfg = Debug|Any CPU
		{3FEE94F7-A9E7-40DA-B200-AB0D692C1F2E}.Debug|x86.Build.0 = Debug|Any CPU
		{3FEE94F7-A9E7-40DA-B200-AB0D692C1F2E}.Release|Any CPU.ActiveCfg = Release|Any CPU
		{3FEE94F7-A9E7-40DA-B200-AB0D692C1F2E}.Release|Any CPU.Build.0 = Release|Any CPU
		{3FEE94F7-A9E7-40DA-B200-AB0D692C1F2E}.Release|ARM64.ActiveCfg = Release|Any CPU
		{3FEE94F7-A9E7-40DA-B200-AB0D692C1F2E}.Release|ARM64.Build.0 = Release|Any CPU
		{3FEE94F7-A9E7-40DA-B200-AB0D692C1F2E}.Release|x64.ActiveCfg = Release|Any CPU
		{3FEE94F7-A9E7-40DA-B200-AB0D692C1F2E}.Release|x64.Build.0 = Release|Any CPU
		{3FEE94F7-A9E7-40DA-B200-AB0D692C1F2E}.Release|x86.ActiveCfg = Release|Any CPU
		{3FEE94F7-A9E7-40DA-B200-AB0D692C1F2E}.Release|x86.Build.0 = Release|Any CPU
		{C701C3A4-B2F7-461C-9FAE-1CE256F2E67B}.Debug|Any CPU.ActiveCfg = Debug|Any CPU
		{C701C3A4-B2F7-461C-9FAE-1CE256F2E67B}.Debug|Any CPU.Build.0 = Debug|Any CPU
		{C701C3A4-B2F7-461C-9FAE-1CE256F2E67B}.Debug|ARM64.ActiveCfg = Debug|Any CPU
		{C701C3A4-B2F7-461C-9FAE-1CE256F2E67B}.Debug|ARM64.Build.0 = Debug|Any CPU
		{C701C3A4-B2F7-461C-9FAE-1CE256F2E67B}.Debug|x64.ActiveCfg = Debug|Any CPU
		{C701C3A4-B2F7-461C-9FAE-1CE256F2E67B}.Debug|x64.Build.0 = Debug|Any CPU
		{C701C3A4-B2F7-461C-9FAE-1CE256F2E67B}.Debug|x86.ActiveCfg = Debug|Any CPU
		{C701C3A4-B2F7-461C-9FAE-1CE256F2E67B}.Debug|x86.Build.0 = Debug|Any CPU
		{C701C3A4-B2F7-461C-9FAE-1CE256F2E67B}.Release|Any CPU.ActiveCfg = Release|Any CPU
		{C701C3A4-B2F7-461C-9FAE-1CE256F2E67B}.Release|Any CPU.Build.0 = Release|Any CPU
		{C701C3A4-B2F7-461C-9FAE-1CE256F2E67B}.Release|ARM64.ActiveCfg = Release|Any CPU
		{C701C3A4-B2F7-461C-9FAE-1CE256F2E67B}.Release|ARM64.Build.0 = Release|Any CPU
		{C701C3A4-B2F7-461C-9FAE-1CE256F2E67B}.Release|x64.ActiveCfg = Release|Any CPU
		{C701C3A4-B2F7-461C-9FAE-1CE256F2E67B}.Release|x64.Build.0 = Release|Any CPU
		{C701C3A4-B2F7-461C-9FAE-1CE256F2E67B}.Release|x86.ActiveCfg = Release|Any CPU
		{C701C3A4-B2F7-461C-9FAE-1CE256F2E67B}.Release|x86.Build.0 = Release|Any CPU
		{4BA83BC3-E420-48F8-A5CE-2903EDBB3FE1}.Debug|Any CPU.ActiveCfg = Debug|Any CPU
		{4BA83BC3-E420-48F8-A5CE-2903EDBB3FE1}.Debug|Any CPU.Build.0 = Debug|Any CPU
		{4BA83BC3-E420-48F8-A5CE-2903EDBB3FE1}.Debug|ARM64.ActiveCfg = Debug|Any CPU
		{4BA83BC3-E420-48F8-A5CE-2903EDBB3FE1}.Debug|ARM64.Build.0 = Debug|Any CPU
		{4BA83BC3-E420-48F8-A5CE-2903EDBB3FE1}.Debug|x64.ActiveCfg = Debug|Any CPU
		{4BA83BC3-E420-48F8-A5CE-2903EDBB3FE1}.Debug|x64.Build.0 = Debug|Any CPU
		{4BA83BC3-E420-48F8-A5CE-2903EDBB3FE1}.Debug|x86.ActiveCfg = Debug|Any CPU
		{4BA83BC3-E420-48F8-A5CE-2903EDBB3FE1}.Debug|x86.Build.0 = Debug|Any CPU
		{4BA83BC3-E420-48F8-A5CE-2903EDBB3FE1}.Release|Any CPU.ActiveCfg = Release|Any CPU
		{4BA83BC3-E420-48F8-A5CE-2903EDBB3FE1}.Release|Any CPU.Build.0 = Release|Any CPU
		{4BA83BC3-E420-48F8-A5CE-2903EDBB3FE1}.Release|ARM64.ActiveCfg = Release|Any CPU
		{4BA83BC3-E420-48F8-A5CE-2903EDBB3FE1}.Release|ARM64.Build.0 = Release|Any CPU
		{4BA83BC3-E420-48F8-A5CE-2903EDBB3FE1}.Release|x64.ActiveCfg = Release|Any CPU
		{4BA83BC3-E420-48F8-A5CE-2903EDBB3FE1}.Release|x64.Build.0 = Release|Any CPU
		{4BA83BC3-E420-48F8-A5CE-2903EDBB3FE1}.Release|x86.ActiveCfg = Release|Any CPU
		{4BA83BC3-E420-48F8-A5CE-2903EDBB3FE1}.Release|x86.Build.0 = Release|Any CPU
		{431D32E2-9B27-49FE-B4CA-58383C5179A1}.Debug|Any CPU.ActiveCfg = Debug|Any CPU
		{431D32E2-9B27-49FE-B4CA-58383C5179A1}.Debug|Any CPU.Build.0 = Debug|Any CPU
		{431D32E2-9B27-49FE-B4CA-58383C5179A1}.Debug|ARM64.ActiveCfg = Debug|Any CPU
		{431D32E2-9B27-49FE-B4CA-58383C5179A1}.Debug|ARM64.Build.0 = Debug|Any CPU
		{431D32E2-9B27-49FE-B4CA-58383C5179A1}.Debug|x64.ActiveCfg = Debug|Any CPU
		{431D32E2-9B27-49FE-B4CA-58383C5179A1}.Debug|x64.Build.0 = Debug|Any CPU
		{431D32E2-9B27-49FE-B4CA-58383C5179A1}.Debug|x86.ActiveCfg = Debug|Any CPU
		{431D32E2-9B27-49FE-B4CA-58383C5179A1}.Debug|x86.Build.0 = Debug|Any CPU
		{431D32E2-9B27-49FE-B4CA-58383C5179A1}.Release|Any CPU.ActiveCfg = Release|Any CPU
		{431D32E2-9B27-49FE-B4CA-58383C5179A1}.Release|Any CPU.Build.0 = Release|Any CPU
		{431D32E2-9B27-49FE-B4CA-58383C5179A1}.Release|ARM64.ActiveCfg = Release|Any CPU
		{431D32E2-9B27-49FE-B4CA-58383C5179A1}.Release|ARM64.Build.0 = Release|Any CPU
		{431D32E2-9B27-49FE-B4CA-58383C5179A1}.Release|x64.ActiveCfg = Release|Any CPU
		{431D32E2-9B27-49FE-B4CA-58383C5179A1}.Release|x64.Build.0 = Release|Any CPU
		{431D32E2-9B27-49FE-B4CA-58383C5179A1}.Release|x86.ActiveCfg = Release|Any CPU
		{431D32E2-9B27-49FE-B4CA-58383C5179A1}.Release|x86.Build.0 = Release|Any CPU
		{B7756AC7-2860-4200-A0F0-17355F4326B4}.Debug|Any CPU.ActiveCfg = Debug|Any CPU
		{B7756AC7-2860-4200-A0F0-17355F4326B4}.Debug|Any CPU.Build.0 = Debug|Any CPU
		{B7756AC7-2860-4200-A0F0-17355F4326B4}.Debug|ARM64.ActiveCfg = Debug|Any CPU
		{B7756AC7-2860-4200-A0F0-17355F4326B4}.Debug|ARM64.Build.0 = Debug|Any CPU
		{B7756AC7-2860-4200-A0F0-17355F4326B4}.Debug|x64.ActiveCfg = Debug|Any CPU
		{B7756AC7-2860-4200-A0F0-17355F4326B4}.Debug|x64.Build.0 = Debug|Any CPU
		{B7756AC7-2860-4200-A0F0-17355F4326B4}.Debug|x86.ActiveCfg = Debug|Any CPU
		{B7756AC7-2860-4200-A0F0-17355F4326B4}.Debug|x86.Build.0 = Debug|Any CPU
		{B7756AC7-2860-4200-A0F0-17355F4326B4}.Release|Any CPU.ActiveCfg = Release|Any CPU
		{B7756AC7-2860-4200-A0F0-17355F4326B4}.Release|Any CPU.Build.0 = Release|Any CPU
		{B7756AC7-2860-4200-A0F0-17355F4326B4}.Release|ARM64.ActiveCfg = Release|Any CPU
		{B7756AC7-2860-4200-A0F0-17355F4326B4}.Release|ARM64.Build.0 = Release|Any CPU
		{B7756AC7-2860-4200-A0F0-17355F4326B4}.Release|x64.ActiveCfg = Release|Any CPU
		{B7756AC7-2860-4200-A0F0-17355F4326B4}.Release|x64.Build.0 = Release|Any CPU
		{B7756AC7-2860-4200-A0F0-17355F4326B4}.Release|x86.ActiveCfg = Release|Any CPU
		{B7756AC7-2860-4200-A0F0-17355F4326B4}.Release|x86.Build.0 = Release|Any CPU
		{AD13FA4B-240B-4528-A4FE-238D376AD2BD}.Debug|Any CPU.ActiveCfg = Debug
		{AD13FA4B-240B-4528-A4FE-238D376AD2BD}.Debug|ARM64.ActiveCfg = Debug
		{AD13FA4B-240B-4528-A4FE-238D376AD2BD}.Debug|x64.ActiveCfg = Debug
		{AD13FA4B-240B-4528-A4FE-238D376AD2BD}.Debug|x86.ActiveCfg = Debug
		{AD13FA4B-240B-4528-A4FE-238D376AD2BD}.Release|Any CPU.ActiveCfg = Release
		{AD13FA4B-240B-4528-A4FE-238D376AD2BD}.Release|ARM64.ActiveCfg = Release
		{AD13FA4B-240B-4528-A4FE-238D376AD2BD}.Release|x64.ActiveCfg = Release
		{AD13FA4B-240B-4528-A4FE-238D376AD2BD}.Release|x86.ActiveCfg = Release
		{5A7384F7-2021-45A7-B2A5-E8867719CB00}.Debug|Any CPU.ActiveCfg = Debug|Any CPU
		{5A7384F7-2021-45A7-B2A5-E8867719CB00}.Debug|Any CPU.Build.0 = Debug|Any CPU
		{5A7384F7-2021-45A7-B2A5-E8867719CB00}.Debug|ARM64.ActiveCfg = Debug|Any CPU
		{5A7384F7-2021-45A7-B2A5-E8867719CB00}.Debug|ARM64.Build.0 = Debug|Any CPU
		{5A7384F7-2021-45A7-B2A5-E8867719CB00}.Debug|x64.ActiveCfg = Debug|Any CPU
		{5A7384F7-2021-45A7-B2A5-E8867719CB00}.Debug|x64.Build.0 = Debug|Any CPU
		{5A7384F7-2021-45A7-B2A5-E8867719CB00}.Debug|x86.ActiveCfg = Debug|Any CPU
		{5A7384F7-2021-45A7-B2A5-E8867719CB00}.Debug|x86.Build.0 = Debug|Any CPU
		{5A7384F7-2021-45A7-B2A5-E8867719CB00}.Release|Any CPU.ActiveCfg = Release|Any CPU
		{5A7384F7-2021-45A7-B2A5-E8867719CB00}.Release|Any CPU.Build.0 = Release|Any CPU
		{5A7384F7-2021-45A7-B2A5-E8867719CB00}.Release|ARM64.ActiveCfg = Release|Any CPU
		{5A7384F7-2021-45A7-B2A5-E8867719CB00}.Release|ARM64.Build.0 = Release|Any CPU
		{5A7384F7-2021-45A7-B2A5-E8867719CB00}.Release|x64.ActiveCfg = Release|Any CPU
		{5A7384F7-2021-45A7-B2A5-E8867719CB00}.Release|x64.Build.0 = Release|Any CPU
		{5A7384F7-2021-45A7-B2A5-E8867719CB00}.Release|x86.ActiveCfg = Release|Any CPU
		{5A7384F7-2021-45A7-B2A5-E8867719CB00}.Release|x86.Build.0 = Release|Any CPU
	EndGlobalSection
	GlobalSection(SolutionProperties) = preSolution
		HideSolutionNode = FALSE
	EndGlobalSection
	GlobalSection(ExtensibilityGlobals) = postSolution
		SolutionGuid = {16D18EC8-91CD-43E3-BBBD-CFC3A5CEC2A1}
	EndGlobalSection
EndGlobal
